
Microsoft Visual Studio Solution File, Format Version 12.00
# Visual Studio Version 16
VisualStudioVersion = 16.0.31515.178
MinimumVisualStudioVersion = 10.0.40219.1
Project("{888888A0-9F3D-457C-B088-3A5042F75D52}") = "Strings and Daters", "Strings and Daters.pyproj", "{30012562-D184-45B3-988A-C9F38E37FD1E}"
EndProject
Global
	GlobalSection(SolutionConfigurationPlatforms) = preSolution
		Debug|Any CPU = Debug|Any CPU
		Release|Any CPU = Release|Any CPU
	EndGlobalSection
	GlobalSection(ProjectConfigurationPlatforms) = postSolution
		{30012562-D184-45B3-988A-C9F38E37FD1E}.Debug|Any CPU.ActiveCfg = Debug|Any CPU
		{30012562-D184-45B3-988A-C9F38E37FD1E}.Release|Any CPU.ActiveCfg = Release|Any CPU
	EndGlobalSection
	GlobalSection(SolutionProperties) = preSolution
		HideSolutionNode = FALSE
	EndGlobalSection
	GlobalSection(ExtensibilityGlobals) = postSolution
		SolutionGuid = {CC038D33-C318-49F5-9B4C-C71ED818F965}
	EndGlobalSection
EndGlobal
